
Microsoft Visual Studio Solution File, Format Version 12.00
Project("{2150E333-8FDC-42A3-9474-1A3956D46DE8}") = "src", "src", "{B7A9740B-3FE9-447D-934D-0EE684DE7D45}"
EndProject
Project("{2150E333-8FDC-42A3-9474-1A3956D46DE8}") = "Core", "Core", "{BFDBA36C-D965-49AC-A5BD-91A5CFC6317C}"
EndProject
Project("{2150E333-8FDC-42A3-9474-1A3956D46DE8}") = "Presentation", "Presentation", "{AAE840DE-965F-4F1A-B2C6-57AE9F566C9C}"
EndProject
Project("{2150E333-8FDC-42A3-9474-1A3956D46DE8}") = "Tests", "Tests", "{31EE4CA9-9F3B-4A1B-A86B-7CFE780B07F5}"
EndProject
Project("{2150E333-8FDC-42A3-9474-1A3956D46DE8}") = "Infrastructure", "Infrastructure", "{03FBF6B8-7E32-4B52-8192-69A21B929F2B}"
EndProject
Project("{FAE04EC0-301F-11D3-BF4B-00C04F79EFBC}") = "REF.Persistence", "src\Infrastructure\REF.Persistence\REF.Persistence.csproj", "{B5FA572D-4D13-49B8-8643-A6DC2B5B75D4}"
EndProject
Project("{FAE04EC0-301F-11D3-BF4B-00C04F79EFBC}") = "REF.Application", "src\Core\REF.Application\REF.Application.csproj", "{380FBDDC-38BE-4C65-BC35-E50564B1582D}"
	ProjectSection(ProjectDependencies) = postProject
		{9F604FE2-59C5-47EA-9E30-298C67224BA4} = {9F604FE2-59C5-47EA-9E30-298C67224BA4}
	EndProjectSection
EndProject
Project("{FAE04EC0-301F-11D3-BF4B-00C04F79EFBC}") = "REF.Domain", "src\Core\REF.Domain\REF.Domain.csproj", "{9F604FE2-59C5-47EA-9E30-298C67224BA4}"
EndProject
Project("{FAE04EC0-301F-11D3-BF4B-00C04F79EFBC}") = "REF.WebApi", "src\Presentation\REF.WebApi\REF.WebApi.csproj", "{E0F8134F-8DF2-4103-8933-2269027954B5}"
EndProject
Global
	GlobalSection(SolutionConfigurationPlatforms) = preSolution
		Debug|Any CPU = Debug|Any CPU
		Release|Any CPU = Release|Any CPU
	EndGlobalSection
	GlobalSection(NestedProjects) = preSolution
		{BFDBA36C-D965-49AC-A5BD-91A5CFC6317C} = {B7A9740B-3FE9-447D-934D-0EE684DE7D45}
		{AAE840DE-965F-4F1A-B2C6-57AE9F566C9C} = {B7A9740B-3FE9-447D-934D-0EE684DE7D45}
		{31EE4CA9-9F3B-4A1B-A86B-7CFE780B07F5} = {B7A9740B-3FE9-447D-934D-0EE684DE7D45}
		{03FBF6B8-7E32-4B52-8192-69A21B929F2B} = {B7A9740B-3FE9-447D-934D-0EE684DE7D45}
		{B5FA572D-4D13-49B8-8643-A6DC2B5B75D4} = {03FBF6B8-7E32-4B52-8192-69A21B929F2B}
		{380FBDDC-38BE-4C65-BC35-E50564B1582D} = {BFDBA36C-D965-49AC-A5BD-91A5CFC6317C}
		{9F604FE2-59C5-47EA-9E30-298C67224BA4} = {BFDBA36C-D965-49AC-A5BD-91A5CFC6317C}
		{E0F8134F-8DF2-4103-8933-2269027954B5} = {AAE840DE-965F-4F1A-B2C6-57AE9F566C9C}
	EndGlobalSection
	GlobalSection(ProjectConfigurationPlatforms) = postSolution
		{B5FA572D-4D13-49B8-8643-A6DC2B5B75D4}.Debug|Any CPU.ActiveCfg = Debug|Any CPU
		{B5FA572D-4D13-49B8-8643-A6DC2B5B75D4}.Debug|Any CPU.Build.0 = Debug|Any CPU
		{B5FA572D-4D13-49B8-8643-A6DC2B5B75D4}.Release|Any CPU.ActiveCfg = Release|Any CPU
		{B5FA572D-4D13-49B8-8643-A6DC2B5B75D4}.Release|Any CPU.Build.0 = Release|Any CPU
		{380FBDDC-38BE-4C65-BC35-E50564B1582D}.Debug|Any CPU.ActiveCfg = Debug|Any CPU
		{380FBDDC-38BE-4C65-BC35-E50564B1582D}.Debug|Any CPU.Build.0 = Debug|Any CPU
		{380FBDDC-38BE-4C65-BC35-E50564B1582D}.Release|Any CPU.ActiveCfg = Release|Any CPU
		{380FBDDC-38BE-4C65-BC35-E50564B1582D}.Release|Any CPU.Build.0 = Release|Any CPU
		{9F604FE2-59C5-47EA-9E30-298C67224BA4}.Debug|Any CPU.ActiveCfg = Debug|Any CPU
		{9F604FE2-59C5-47EA-9E30-298C67224BA4}.Debug|Any CPU.Build.0 = Debug|Any CPU
		{9F604FE2-59C5-47EA-9E30-298C67224BA4}.Release|Any CPU.ActiveCfg = Release|Any CPU
		{9F604FE2-59C5-47EA-9E30-298C67224BA4}.Release|Any CPU.Build.0 = Release|Any CPU
		{E0F8134F-8DF2-4103-8933-2269027954B5}.Debug|Any CPU.ActiveCfg = Debug|Any CPU
		{E0F8134F-8DF2-4103-8933-2269027954B5}.Debug|Any CPU.Build.0 = Debug|Any CPU
		{E0F8134F-8DF2-4103-8933-2269027954B5}.Release|Any CPU.ActiveCfg = Release|Any CPU
		{E0F8134F-8DF2-4103-8933-2269027954B5}.Release|Any CPU.Build.0 = Release|Any CPU
	EndGlobalSection
EndGlobal
